
Microsoft Visual Studio Solution File, Format Version 12.00
# Visual Studio Version 17
VisualStudioVersion = 17.2.32602.215
MinimumVisualStudioVersion = 10.0.40219.1
Project("{FAE04EC0-301F-11D3-BF4B-00C04F79EFBC}") = "Reference Types", "Reference Types\Reference Types.csproj", "{65F746E3-D62C-42B8-BF9F-24FEE123A8C4}"
EndProject
Global
	GlobalSection(SolutionConfigurationPlatforms) = preSolution
		Debug|Any CPU = Debug|Any CPU
		Release|Any CPU = Release|Any CPU
	EndGlobalSection
	GlobalSection(ProjectConfigurationPlatforms) = postSolution
		{65F746E3-D62C-42B8-BF9F-24FEE123A8C4}.Debug|Any CPU.ActiveCfg = Debug|Any CPU
		{65F746E3-D62C-42B8-BF9F-24FEE123A8C4}.Debug|Any CPU.Build.0 = Debug|Any CPU
		{65F746E3-D62C-42B8-BF9F-24FEE123A8C4}.Release|Any CPU.ActiveCfg = Release|Any CPU
		{65F746E3-D62C-42B8-BF9F-24FEE123A8C4}.Release|Any CPU.Build.0 = Release|Any CPU
	EndGlobalSection
	GlobalSection(SolutionProperties) = preSolution
		HideSolutionNode = FALSE
	EndGlobalSection
	GlobalSection(ExtensibilityGlobals) = postSolution
		SolutionGuid = {2F35A79B-4F08-40E0-97E6-8267FF525330}
	EndGlobalSection
EndGlobal
