
Microsoft Visual Studio Solution File, Format Version 12.00
# Visual Studio Version 17
VisualStudioVersion = 17.2.32602.215
MinimumVisualStudioVersion = 10.0.40219.1
Project("{FAE04EC0-301F-11D3-BF4B-00C04F79EFBC}") = "AP_11", "AP_11\AP_11.csproj", "{DF4785B0-D743-4B2A-9703-68DC7615874C}"
EndProject
Global
	GlobalSection(SolutionConfigurationPlatforms) = preSolution
		Debug|Any CPU = Debug|Any CPU
		Release|Any CPU = Release|Any CPU
	EndGlobalSection
	GlobalSection(ProjectConfigurationPlatforms) = postSolution
		{DF4785B0-D743-4B2A-9703-68DC7615874C}.Debug|Any CPU.ActiveCfg = Debug|Any CPU
		{DF4785B0-D743-4B2A-9703-68DC7615874C}.Debug|Any CPU.Build.0 = Debug|Any CPU
		{DF4785B0-D743-4B2A-9703-68DC7615874C}.Release|Any CPU.ActiveCfg = Release|Any CPU
		{DF4785B0-D743-4B2A-9703-68DC7615874C}.Release|Any CPU.Build.0 = Release|Any CPU
	EndGlobalSection
	GlobalSection(SolutionProperties) = preSolution
		HideSolutionNode = FALSE
	EndGlobalSection
	GlobalSection(ExtensibilityGlobals) = postSolution
		SolutionGuid = {DD746CB6-A6B7-4EEC-8E21-BCCCA2194831}
	EndGlobalSection
EndGlobal
